
Microsoft Visual Studio Solution File, Format Version 12.00
# Visual Studio Version 16
VisualStudioVersion = 16.0.37627.13
MinimumVisualStudioVersion = 10.0.40219.1
Project("{8BC9CEB8-8B4A-11D0-8D11-00A0C91BC942}") = "Server", "Server\Server.vcxproj", "{2DCF99C3-00F1-400D-A096-2A3043857F5F}"
EndProject
Project("{8BC9CEB8-8B4A-11D0-8D11-00A0C91BC942}") = "Client", "Client\Client.vcxproj", "{89C22675-2F80-48FE-ACE8-D973BB93648C}"
EndProject
Global
	GlobalSection(SolutionConfigurationPlatforms) = preSolution
		Debug|x64 = Debug|x64
		Debug|x86 = Debug|x86
		Release|x64 = Release|x64
		Release|x86 = Release|x86
	EndGlobalSection
	GlobalSection(ProjectConfigurationPlatforms) = postSolution
		{2DCF99C3-00F1-400D-A096-2A3043857F5F}.Debug|x64.ActiveCfg = Debug|x64
		{2DCF99C3-00F1-400D-A096-2A3043857F5F}.Debug|x64.Build.0 = Debug|x64
		{2DCF99C3-00F1-400D-A096-2A3043857F5F}.Debug|x86.ActiveCfg = Debug|Win32
		{2DCF99C3-00F1-400D-A096-2A3043857F5F}.Debug|x86.Build.0 = Debug|Win32
		{2DCF99C3-00F1-400D-A096-2A3043857F5F}.Release|x64.ActiveCfg = Release|x64
		{2DCF99C3-00F1-400D-A096-2A3043857F5F}.Release|x64.Build.0 = Release|x64
		{2DCF99C3-00F1-400D-A096-2A3043857F5F}.Release|x86.ActiveCfg = Release|Win32
		{2DCF99C3-00F1-400D-A096-2A3043857F5F}.Release|x86.Build.0 = Release|Win32
		{89C22675-2F80-48FE-ACE8-D973BB93648C}.Debug|x64.ActiveCfg = Debug|x64
		{89C22675-2F80-48FE-ACE8-D973BB93648C}.Debug|x64.Build.0 = Debug|x64
		{89C22675-2F80-48FE-ACE8-D973BB93648C}.Debug|x86.ActiveCfg = Debug|Win32
		{89C22675-2F80-48FE-ACE8-D973BB93648C}.Debug|x86.Build.0 = Debug|Win32
		{89C22675-2F80-48FE-ACE8-D973BB93648C}.Release|x64.ActiveCfg = Release|x64
		{89C22675-2F80-48FE-ACE8-D973BB93648C}.Release|x64.Build.0 = Release|x64
		{89C22675-2F80-48FE-ACE8-D973BB93648C}.Release|x86.ActiveCfg = Release|Win32
		{89C22675-2F80-48FE-ACE8-D973BB93648C}.Release|x86.Build.0 = Release|Win32
	EndGlobalSection
	GlobalSection(SolutionProperties) = preSolution
		HideSolutionNode = FALSE
	EndGlobalSection
	GlobalSection(ExtensibilityGlobals) = postSolution
		SolutionGuid = {5270AE09-387F-4D0D-9602-B8DAEC412C1E}
	EndGlobalSection
EndGlobal
